// !$*UTF8*$!
{
	archiveVersion = 1;
	classes = {
	};
	objectVersion = 46;
	objects = {

/* Begin PBXBuildFile section */
		B13658581A5C72BD0095C3FB /* main.m in Sources */ = {isa = PBXBuildFile; fileRef = B13658571A5C72BD0095C3FB /* main.m */; };
		B136585B1A5C72BD0095C3FB /* AppDelegate.m in Sources */ = {isa = PBXBuildFile; fileRef = B136585A1A5C72BD0095C3FB /* AppDelegate.m */; };
		B136585E1A5C72BD0095C3FB /* ViewController.m in Sources */ = {isa = PBXBuildFile; fileRef = B136585D1A5C72BD0095C3FB /* ViewController.m */; };
		B13658611A5C72BD0095C3FB /* Main.storyboard in Resources */ = {isa = PBXBuildFile; fileRef = B136585F1A5C72BD0095C3FB /* Main.storyboard */; };
		B13658631A5C72BD0095C3FB /* Images.xcassets in Resources */ = {isa = PBXBuildFile; fileRef = B13658621A5C72BD0095C3FB /* Images.xcassets */; };
		B13658661A5C72BD0095C3FB /* LaunchScreen.xib in Resources */ = {isa = PBXBuildFile; fileRef = B13658641A5C72BD0095C3FB /* LaunchScreen.xib */; };
		B13658721A5C72BD0095C3FB /* SafariTNGTests.m in Sources */ = {isa = PBXBuildFile; fileRef = B13658711A5C72BD0095C3FB /* SafariTNGTests.m */; };
/* End PBXBuildFile section */

/* Begin PBXContainerItemProxy section */
		B136586C1A5C72BD0095C3FB /* PBXContainerItemProxy */ = {
			isa = PBXContainerItemProxy;
			containerPortal = B136584A1A5C72BD0095C3FB /* Project object */;
			proxyType = 1;
			remoteGlobalIDString = B13658511A5C72BD0095C3FB;
			remoteInfo = SafariTNG;
		};
/* End PBXContainerItemProxy section */

/* Begin PBXFileReference section */
		B13658521A5C72BD0095C3FB /* SafariTNG.app */ = {isa = PBXFileReference; explicitFileType = wrapper.application; includeInIndex = 0; path = SafariTNG.app; sourceTree = BUILT_PRODUCTS_DIR; };
		B13658561A5C72BD0095C3FB /* Info.plist */ = {isa = PBXFileReference; lastKnownFileType = text.plist.xml; path = Info.plist; sourceTree = "<group>"; };
		B13658571A5C72BD0095C3FB /* main.m */ = {isa = PBXFileReference; lastKnownFileType = sourcecode.c.objc; path = main.m; sourceTree = "<group>"; };
		B13658591A5C72BD0095C3FB /* AppDelegate.h */ = {isa = PBXFileReference; lastKnownFileType = sourcecode.c.h; path = AppDelegate.h; sourceTree = "<group>"; };
		B136585A1A5C72BD0095C3FB /* AppDelegate.m */ = {isa = PBXFileReference; lastKnownFileType = sourcecode.c.objc; path = AppDelegate.m; sourceTree = "<group>"; };
		B136585C1A5C72BD0095C3FB /* ViewController.h */ = {isa = PBXFileReference; lastKnownFileType = sourcecode.c.h; path = ViewController.h; sourceTree = "<group>"; };
		B136585D1A5C72BD0095C3FB /* ViewController.m */ = {isa = PBXFileReference; lastKnownFileType = sourcecode.c.objc; path = ViewController.m; sourceTree = "<group>"; };
		B13658601A5C72BD0095C3FB /* Base */ = {isa = PBXFileReference; lastKnownFileType = file.storyboard; name = Base; path = Base.lproj/Main.storyboard; sourceTree = "<group>"; };
		B13658621A5C72BD0095C3FB /* Images.xcassets */ = {isa = PBXFileReference; lastKnownFileType = folder.assetcatalog; path = Images.xcassets; sourceTree = "<group>"; };
		B13658651A5C72BD0095C3FB /* Base */ = {isa = PBXFileReference; lastKnownFileType = file.xib; name = Base; path = Base.lproj/LaunchScreen.xib; sourceTree = "<group>"; };
		B136586B1A5C72BD0095C3FB /* SafariTNGTests.xctest */ = {isa = PBXFileReference; explicitFileType = wrapper.cfbundle; includeInIndex = 0; path = SafariTNGTests.xctest; sourceTree = BUILT_PRODUCTS_DIR; };
		B13658701A5C72BD0095C3FB /* Info.plist */ = {isa = PBXFileReference; lastKnownFileType = text.plist.xml; path = Info.plist; sourceTree = "<group>"; };
		B13658711A5C72BD0095C3FB /* SafariTNGTests.m */ = {isa = PBXFileReference; lastKnownFileType = sourcecode.c.objc; path = SafariTNGTests.m; sourceTree = "<group>"; };
/* End PBXFileReference section */

/* Begin PBXFrameworksBuildPhase section */
		B136584F1A5C72BD0095C3FB /* Frameworks */ = {
			isa = PBXFrameworksBuildPhase;
			buildActionMask = 2147483647;
			files = (
			);
			runOnlyForDeploymentPostprocessing = 0;
		};
		B13658681A5C72BD0095C3FB /* Frameworks */ = {
			isa = PBXFrameworksBuildPhase;
			buildActionMask = 2147483647;
			files = (
			);
			runOnlyForDeploymentPostprocessing = 0;
		};
/* End PBXFrameworksBuildPhase section */

/* Begin PBXGroup section */
		B13658491A5C72BD0095C3FB = {
			isa = PBXGroup;
			children = (
				B13658541A5C72BD0095C3FB /* SafariTNG */,
				B136586E1A5C72BD0095C3FB /* SafariTNGTests */,
				B13658531A5C72BD0095C3FB /* Products */,
			);
			sourceTree = "<group>";
		};
		B13658531A5C72BD0095C3FB /* Products */ = {
			isa = PBXGroup;
			children = (
				B13658521A5C72BD0095C3FB /* SafariTNG.app */,
				B136586B1A5C72BD0095C3FB /* SafariTNGTests.xctest */,
			);
			name = Products;
			sourceTree = "<group>";
		};
		B13658541A5C72BD0095C3FB /* SafariTNG */ = {
			isa = PBXGroup;
			children = (
				B13658591A5C72BD0095C3FB /* AppDelegate.h */,
				B136585A1A5C72BD0095C3FB /* AppDelegate.m */,
				B136585C1A5C72BD0095C3FB /* ViewController.h */,
				B136585D1A5C72BD0095C3FB /* ViewController.m */,
				B136585F1A5C72BD0095C3FB /* Main.storyboard */,
				B13658621A5C72BD0095C3FB /* Images.xcassets */,
				B13658641A5C72BD0095C3FB /* LaunchScreen.xib */,
				B13658551A5C72BD0095C3FB /* Supporting Files */,
			);
			path = SafariTNG;
			sourceTree = "<group>";
		};
		B13658551A5C72BD0095C3FB /* Supporting Files */ = {
			isa = PBXGroup;
			children = (
				B13658561A5C72BD0095C3FB /* Info.plist */,
				B13658571A5C72BD0095C3FB /* main.m */,
			);
			name = "Supporting Files";
			sourceTree = "<group>";
		};
		B136586E1A5C72BD0095C3FB /* SafariTNGTests */ = {
			isa = PBXGroup;
			children = (
				B13658711A5C72BD0095C3FB /* SafariTNGTests.m */,
				B136586F1A5C72BD0095C3FB /* Supporting Files */,
			);
			path = SafariTNGTests;
			sourceTree = "<group>";
		};
		B136586F1A5C72BD0095C3FB /* Supporting Files */ = {
			isa = PBXGroup;
			children = (
				B13658701A5C72BD0095C3FB /* Info.plist */,
			);
			name = "Supporting Files";
			sourceTree = "<group>";
		};
/* End PBXGroup section */

/* Begin PBXNativeTarget section */
		B13658511A5C72BD0095C3FB /* SafariTNG */ = {
			isa = PBXNativeTarget;
			buildConfigurationList = B13658751A5C72BD0095C3FB /* Build configuration list for PBXNativeTarget "SafariTNG" */;
			buildPhases = (
				B136584E1A5C72BD0095C3FB /* Sources */,
				B136584F1A5C72BD0095C3FB /* Frameworks */,
				B13658501A5C72BD0095C3FB /* Resources */,
			);
			buildRules = (
			);
			dependencies = (
			);
			name = SafariTNG;
			productName = SafariTNG;
			productReference = B13658521A5C72BD0095C3FB /* SafariTNG.app */;
			productType = "com.apple.product-type.application";
		};
		B136586A1A5C72BD0095C3FB /* SafariTNGTests */ = {
			isa = PBXNativeTarget;
			buildConfigurationList = B13658781A5C72BD0095C3FB /* Build configuration list for PBXNativeTarget "SafariTNGTests" */;
			buildPhases = (
				B13658671A5C72BD0095C3FB /* Sources */,
				B13658681A5C72BD0095C3FB /* Frameworks */,
				B13658691A5C72BD0095C3FB /* Resources */,
			);
			buildRules = (
			);
			dependencies = (
				B136586D1A5C72BD0095C3FB /* PBXTargetDependency */,
			);
			name = SafariTNGTests;
			productName = SafariTNGTests;
			productReference = B136586B1A5C72BD0095C3FB /* SafariTNGTests.xctest */;
			productType = "com.apple.product-type.bundle.unit-test";
		};
/* End PBXNativeTarget section */

/* Begin PBXProject section */
		B136584A1A5C72BD0095C3FB /* Project object */ = {
			isa = PBXProject;
			attributes = {
				LastUpgradeCheck = 0610;
				ORGANIZATIONNAME = MobileMakers;
				TargetAttributes = {
					B13658511A5C72BD0095C3FB = {
						CreatedOnToolsVersion = 6.1.1;
					};
					B136586A1A5C72BD0095C3FB = {
						CreatedOnToolsVersion = 6.1.1;
						TestTargetID = B13658511A5C72BD0095C3FB;
					};
				};
			};
			buildConfigurationList = B136584D1A5C72BD0095C3FB /* Build configuration list for PBXProject "SafariTNG" */;
			compatibilityVersion = "Xcode 3.2";
			developmentRegion = English;
			hasScannedForEncodings = 0;
			knownRegions = (
				en,
				Base,
			);
			mainGroup = B13658491A5C72BD0095C3FB;
			productRefGroup = B13658531A5C72BD0095C3FB /* Products */;
			projectDirPath = "";
			projectRoot = "";
			targets = (
				B13658511A5C72BD0095C3FB /* SafariTNG */,
				B136586A1A5C72BD0095C3FB /* SafariTNGTests */,
			);
		};
/* End PBXProject section */

/* Begin PBXResourcesBuildPhase section */
		B13658501A5C72BD0095C3FB /* Resources */ = {
			isa = PBXResourcesBuildPhase;
			buildActionMask = 2147483647;
			files = (
				B13658611A5C72BD0095C3FB /* Main.storyboard in Resources */,
				B13658661A5C72BD0095C3FB /* LaunchScreen.xib in Resources */,
				B13658631A5C72BD0095C3FB /* Images.xcassets in Resources */,
			);
			runOnlyForDeploymentPostprocessing = 0;
		};
		B13658691A5C72BD0095C3FB /* Resources */ = {
			isa = PBXResourcesBuildPhase;
			buildActionMask = 2147483647;
			files = (
			);
			runOnlyForDeploymentPostprocessing = 0;
		};
/* End PBXResourcesBuildPhase section */

/* Begin PBXSourcesBuildPhase section */
		B136584E1A5C72BD0095C3FB /* Sources */ = {
			isa = PBXSourcesBuildPhase;
			buildActionMask = 2147483647;
			files = (
				B136585E1A5C72BD0095C3FB /* ViewController.m in Sources */,
				B136585B1A5C72BD0095C3FB /* AppDelegate.m in Sources */,
				B13658581A5C72BD0095C3FB /* main.m in Sources */,
			);
			runOnlyForDeploymentPostprocessing = 0;
		};
		B13658671A5C72BD0095C3FB /* Sources */ = {
			isa = PBXSourcesBuildPhase;
			buildActionMask = 2147483647;
			files = (
				B13658721A5C72BD0095C3FB /* SafariTNGTests.m in Sources */,
			);
			runOnlyForDeploymentPostprocessing = 0;
		};
/* End PBXSourcesBuildPhase section */

/* Begin PBXTargetDependency section */
		B136586D1A5C72BD0095C3FB /* PBXTargetDependency */ = {
			isa = PBXTargetDependency;
			target = B13658511A5C72BD0095C3FB /* SafariTNG */;
			targetProxy = B136586C1A5C72BD0095C3FB /* PBXContainerItemProxy */;
		};
/* End PBXTargetDependency section */

/* Begin PBXVariantGroup section */
		B136585F1A5C72BD0095C3FB /* Main.storyboard */ = {
			isa = PBXVariantGroup;
			children = (
				B13658601A5C72BD0095C3FB /* Base */,
			);
			name = Main.storyboard;
			sourceTree = "<group>";
		};
		B13658641A5C72BD0095C3FB /* LaunchScreen.xib */ = {
			isa = PBXVariantGroup;
			children = (
				B13658651A5C72BD0095C3FB /* Base */,
			);
			name = LaunchScreen.xib;
			sourceTree = "<group>";
		};
/* End PBXVariantGroup section */

/* Begin XCBuildConfiguration section */
		B13658731A5C72BD0095C3FB /* Debug */ = {
			isa = XCBuildConfiguration;
			buildSettings = {
				ALWAYS_SEARCH_USER_PATHS = NO;
				CLANG_CXX_LANGUAGE_STANDARD = "gnu++0x";
				CLANG_CXX_LIBRARY = "libc++";
				CLANG_ENABLE_MODULES = YES;
				CLANG_ENABLE_OBJC_ARC = YES;
				CLANG_WARN_BOOL_CONVERSION = YES;
				CLANG_WARN_CONSTANT_CONVERSION = YES;
				CLANG_WARN_DIRECT_OBJC_ISA_USAGE = YES_ERROR;
				CLANG_WARN_EMPTY_BODY = YES;
				CLANG_WARN_ENUM_CONVERSION = YES;
				CLANG_WARN_INT_CONVERSION = YES;
				CLANG_WARN_OBJC_ROOT_CLASS = YES_ERROR;
				CLANG_WARN_UNREACHABLE_CODE = YES;
				CLANG_WARN__DUPLICATE_METHOD_MATCH = YES;
				"CODE_SIGN_IDENTITY[sdk=iphoneos*]" = "iPhone Developer";
				COPY_PHASE_STRIP = NO;
				ENABLE_STRICT_OBJC_MSGSEND = YES;
				GCC_C_LANGUAGE_STANDARD = gnu99;
				GCC_DYNAMIC_NO_PIC = NO;
				GCC_OPTIMIZATION_LEVEL = 0;
				GCC_PREPROCESSOR_DEFINITIONS = (
					"DEBUG=1",
					"$(inherited)",
				);
				GCC_SYMBOLS_PRIVATE_EXTERN = NO;
				GCC_WARN_64_TO_32_BIT_CONVERSION = YES;
				GCC_WARN_ABOUT_RETURN_TYPE = YES_ERROR;
				GCC_WARN_UNDECLARED_SELECTOR = YES;
				GCC_WARN_UNINITIALIZED_AUTOS = YES_AGGRESSIVE;
				GCC_WARN_UNUSED_FUNCTION = YES;
				GCC_WARN_UNUSED_VARIABLE = YES;
				IPHONEOS_DEPLOYMENT_TARGET = 8.1;
				MTL_ENABLE_DEBUG_INFO = YES;
				ONLY_ACTIVE_ARCH = YES;
				SDKROOT = iphoneos;
			};
			name = Debug;
		};
		B13658741A5C72BD0095C3FB /* Release */ = {
			isa = XCBuildConfiguration;
			buildSettings = {
				ALWAYS_SEARCH_USER_PATHS = NO;
				CLANG_CXX_LANGUAGE_STANDARD = "gnu++0x";
				CLANG_CXX_LIBRARY = "libc++";
				CLANG_ENABLE_MODULES = YES;
				CLANG_ENABLE_OBJC_ARC = YES;
				CLANG_WARN_BOOL_CONVERSION = YES;
				CLANG_WARN_CONSTANT_CONVERSION = YES;
				CLANG_WARN_DIRECT_OBJC_ISA_USAGE = YES_ERROR;
				CLANG_WARN_EMPTY_BODY = YES;
				CLANG_WARN_ENUM_CONVERSION = YES;
				CLANG_WARN_INT_CONVERSION = YES;
				CLANG_WARN_OBJC_ROOT_CLASS = YES_ERROR;
				CLANG_WARN_UNREACHABLE_CODE = YES;
				CLANG_WARN__DUPLICATE_METHOD_MATCH = YES;
				"CODE_SIGN_IDENTITY[sdk=iphoneos*]" = "iPhone Developer";
				COPY_PHASE_STRIP = YES;
				ENABLE_NS_ASSERTIONS = NO;
				ENABLE_STRICT_OBJC_MSGSEND = YES;
				GCC_C_LANGUAGE_STANDARD = gnu99;
				GCC_WARN_64_TO_32_BIT_CONVERSION = YES;
				GCC_WARN_ABOUT_RETURN_TYPE = YES_ERROR;
				GCC_WARN_UNDECLARED_SELECTOR = YES;
				GCC_WARN_UNINITIALIZED_AUTOS = YES_AGGRESSIVE;
				GCC_WARN_UNUSED_FUNCTION = YES;
				GCC_WARN_UNUSED_VARIABLE = YES;
				IPHONEOS_DEPLOYMENT_TARGET = 8.1;
				MTL_ENABLE_DEBUG_INFO = NO;
				SDKROOT = iphoneos;
				VALIDATE_PRODUCT = YES;
			};
			name = Release;
		};
		B13658761A5C72BD0095C3FB /* Debug */ = {
			isa = XCBuildConfiguration;
			buildSettings = {
				ASSETCATALOG_COMPILER_APPICON_NAME = AppIcon;
				INFOPLIST_FILE = SafariTNG/Info.plist;
				LD_RUNPATH_SEARCH_PATHS = "$(inherited) @executable_path/Frameworks";
				PRODUCT_NAME = "$(TARGET_NAME)";
			};
			name = Debug;
		};
		B13658771A5C72BD0095C3FB /* Release */ = {
			isa = XCBuildConfiguration;
			buildSettings = {
				ASSETCATALOG_COMPILER_APPICON_NAME = AppIcon;
				INFOPLIST_FILE = SafariTNG/Info.plist;
				LD_RUNPATH_SEARCH_PATHS = "$(inherited) @executable_path/Frameworks";
				PRODUCT_NAME = "$(TARGET_NAME)";
			};
			name = Release;
		};
		B13658791A5C72BD0095C3FB /* Debug */ = {
			isa = XCBuildConfiguration;
			buildSettings = {
				BUNDLE_LOADER = "$(TEST_HOST)";
				FRAMEWORK_SEARCH_PATHS = (
					"$(SDKROOT)/Developer/Library/Frameworks",
					"$(inherited)",
				);
				GCC_PREPROCESSOR_DEFINITIONS = (
					"DEBUG=1",
					"$(inherited)",
				);
				INFOPLIST_FILE = SafariTNGTests/Info.plist;
				LD_RUNPATH_SEARCH_PATHS = "$(inherited) @executable_path/Frameworks @loader_path/Frameworks";
				PRODUCT_NAME = "$(TARGET_NAME)";
				TEST_HOST = "$(BUILT_PRODUCTS_DIR)/SafariTNG.app/SafariTNG";
			};
			name = Debug;
		};
		B136587A1A5C72BD0095C3FB /* Release */ = {
			isa = XCBuildConfiguration;
			buildSettings = {
				BUNDLE_LOADER = "$(TEST_HOST)";
				FRAMEWORK_SEARCH_PATHS = (
					"$(SDKROOT)/Developer/Library/Frameworks",
					"$(inherited)",
				);
				INFOPLIST_FILE = SafariTNGTests/Info.plist;
				LD_RUNPATH_SEARCH_PATHS = "$(inherited) @executable_path/Frameworks @loader_path/Frameworks";
				PRODUCT_NAME = "$(TARGET_NAME)";
				TEST_HOST = "$(BUILT_PRODUCTS_DIR)/SafariTNG.app/SafariTNG";
			};
			name = Release;
		};
/* End XCBuildConfiguration section */

/* Begin XCConfigurationList section */
		B136584D1A5C72BD0095C3FB /* Build configuration list for PBXProject "SafariTNG" */ = {
			isa = XCConfigurationList;
			buildConfigurations = (
				B13658731A5C72BD0095C3FB /* Debug */,
				B13658741A5C72BD0095C3FB /* Release */,
			);
			defaultConfigurationIsVisible = 0;
			defaultConfigurationName = Release;
		};
		B13658751A5C72BD0095C3FB /* Build configuration list for PBXNativeTarget "SafariTNG" */ = {
			isa = XCConfigurationList;
			buildConfigurations = (
				B13658761A5C72BD0095C3FB /* Debug */,
				B13658771A5C72BD0095C3FB /* Release */,
			);
			defaultConfigurationIsVisible = 0;
		};
		B13658781A5C72BD0095C3FB /* Build configuration list for PBXNativeTarget "SafariTNGTests" */ = {
			isa = XCConfigurationList;
			buildConfigurations = (
				B13658791A5C72BD0095C3FB /* Debug */,
				B136587A1A5C72BD0095C3FB /* Release */,
			);
			defaultConfigurationIsVisible = 0;
		};
/* End XCConfigurationList section */
	};
	rootObject = B136584A1A5C72BD0095C3FB /* Project object */;
}
